dependencies:
  cmd_nvs:
    component_hash: null
    source:
      path: /Users/admin/esp/esp-idf/examples/system/console/advanced/components/cmd_nvs
      type: local
    version: '*'
  cmd_system:
    component_hash: null
    source:
      path: /Users/admin/esp/esp-idf/examples/system/console/advanced/components/cmd_system
      type: local
    version: '*'
  cmd_wifi:
    component_hash: null
    source:
      path: /Users/admin/esp/esp-idf/examples/system/console/advanced/components/cmd_wifi
      type: local
    version: '*'
  idf:
    component_hash: null
    source:
      type: idf
    version: 5.3.0
manifest_hash: 22417eb4dd557fdfde468991d693bac4f134042550eaac7709d56c7fc9a121d6
target: esp32
version: 1.0.0
